PODS:
  - Alamofire (4.3.0)
  - DMSwipeCards (1.0.3)
  - IQKeyboardManagerSwift (4.0.8)
  - iRate (1.11.7)
  - LTMorphingLabel (0.4.0)
  - Spring (1.0.3)
  - SVProgressHUD (2.1.2)

DEPENDENCIES:
  - Alamofire
  - DMSwipeCards
  - IQKeyboardManagerSwift
  - iRate
  - LTMorphingLabel
  - Spring (from `https://github.com/MengTo/Spring.git`, branch `swift3`)
  - SVProgressHUD

EXTERNAL SOURCES:
  Spring:
    :branch: swift3
    :git: https://github.com/MengTo/Spring.git

CHECKOUT OPTIONS:
  Spring:
    :commit: 3a9227c6e9157e7b47f5ac1ee5abab2a56b50002
    :git: https://github.com/MengTo/Spring.git

SPEC CHECKSUMS:
  Alamofire: 856a113053a7bc9cbe5d6367a555d773fc5cfef7
  DMSwipeCards: 0f2488120c13eb73366f01e87d1423495cde8ed4
  IQKeyboardManagerSwift: c04bc9f68473823f825eb44d958fce98d921bead
  iRate: adae3f183d83c925ac42d7a2e86e89e838963f57
  LTMorphingLabel: d9a85f16ac306f0e07321d6819964deb2dc69638
  Spring: 3f02b5dc3308572ef177b3cad0fa7bbc4b0706f7
  SVProgressHUD: c404a55d78acbeb7ebb78b76d3faf986475a6994

PODFILE CHECKSUM: 15cdb72480369216ffca2b143a8a89b195cdc7a8

COCOAPODS: 1.1.1
