PODS:
  - Alamofire (4.6.0)
  - IQKeyboardManagerSwift (5.0.7)
  - iRate (1.12.1)
  - LTMorphingLabel (0.5.6)
  - Spring (1.0.5)
  - SVProgressHUD (2.2.2)
  - SwiftyStoreKit (0.11.3)

DEPENDENCIES:
  - Alamofire
  - IQKeyboardManagerSwift
  - iRate
  - LTMorphingLabel
  - Spring (from `https://github.com/MengTo/Spring.git`)
  - SVProgressHUD
  - SwiftyStoreKit

EXTERNAL SOURCES:
  Spring:
    :git: https://github.com/MengTo/Spring.git

CHECKOUT OPTIONS:
  Spring:
    :commit: 19b04d730d3edabbb02a39e58121d1d3220690ee
    :git: https://github.com/MengTo/Spring.git

SPEC CHECKSUMS:
  Alamofire: f41a599bd63041760b26d393ec1069d9d7b917f4
  IQKeyboardManagerSwift: 30fb3a61de1af53a95e02b80fb54ed0a19d5ede5
  iRate: 59c63a290d4988f365d4338e58eca192ae92b552
  LTMorphingLabel: bdb51d4682e9822da89da6f567bd8aa456fd6650
  Spring: 48aad470f3ead043b2da98b64e0bf0630b7ebc42
  SVProgressHUD: 59b2d3dabacbd051576d21d32293ca7228dc18b0
  SwiftyStoreKit: 783df8530cd444b3cce886196b11ff6cdc55bc11

PODFILE CHECKSUM: b0f702d982789da70787012f5c420e9a4400a340

COCOAPODS: 1.4.0.beta.2
